
Microsoft Visual Studio Solution File, Format Version 12.00
# Visual Studio Version 16
VisualStudioVersion = 16.0.29123.88
MinimumVisualStudioVersion = 10.0.40219.1
Project("{2286C783-8279-485C-B9A4-1E666CCB004B}") = "TypeScript", "TypeScript.nbuildproj", "{161A7FDC-A882-40E6-88A5-C4C589B2D0C9}"
EndProject
Global
	GlobalSection(SolutionConfigurationPlatforms) = preSolution
		Debug|Any CPU = Debug|Any CPU
		Release|Any CPU = Release|Any CPU
	EndGlobalSection
	GlobalSection(ProjectConfigurationPlatforms) = postSolution
		{161A7FDC-A882-40E6-88A5-C4C589B2D0C9}.Debug|Any CPU.ActiveCfg = Debug|Any CPU
		{161A7FDC-A882-40E6-88A5-C4C589B2D0C9}.Debug|Any CPU.Build.0 = Debug|Any CPU
		{161A7FDC-A882-40E6-88A5-C4C589B2D0C9}.Release|Any CPU.ActiveCfg = Release|Any CPU
		{161A7FDC-A882-40E6-88A5-C4C589B2D0C9}.Release|Any CPU.Build.0 = Release|Any CPU
	EndGlobalSection
	GlobalSection(SolutionProperties) = preSolution
		HideSolutionNode = FALSE
	EndGlobalSection
	GlobalSection(ExtensibilityGlobals) = postSolution
		SolutionGuid = {F82263D0-5B0B-43EE-BE6F-31A27A577C2E}
	EndGlobalSection
EndGlobal
